
Microsoft Visual Studio Solution File, Format Version 12.00
# Visual Studio 15
VisualStudioVersion = 15.0.27703.2018
MinimumVisualStudioVersion = 10.0.40219.1
Project("{FAE04EC0-301F-11D3-BF4B-00C04F79EFBC}") = "Practice_CRUD_without_Entity", "Practice_CRUD_without_Entity\Practice_CRUD_without_Entity.csproj", "{D5FBDE18-180B-45FD-B7D8-504A34E00A71}"
EndProject
Global
	GlobalSection(SolutionConfigurationPlatforms) = preSolution
		Debug|Any CPU = Debug|Any CPU
		Release|Any CPU = Release|Any CPU
	EndGlobalSection
	GlobalSection(ProjectConfigurationPlatforms) = postSolution
		{D5FBDE18-180B-45FD-B7D8-504A34E00A71}.Debug|Any CPU.ActiveCfg = Debug|Any CPU
		{D5FBDE18-180B-45FD-B7D8-504A34E00A71}.Debug|Any CPU.Build.0 = Debug|Any CPU
		{D5FBDE18-180B-45FD-B7D8-504A34E00A71}.Release|Any CPU.ActiveCfg = Release|Any CPU
		{D5FBDE18-180B-45FD-B7D8-504A34E00A71}.Release|Any CPU.Build.0 = Release|Any CPU
	EndGlobalSection
	GlobalSection(SolutionProperties) = preSolution
		HideSolutionNode = FALSE
	EndGlobalSection
	GlobalSection(ExtensibilityGlobals) = postSolution
		SolutionGuid = {2452D02A-8EBF-4FA6-A50F-BADCD0867D88}
	EndGlobalSection
EndGlobal
